version = 1
revision = 3
requires-python = ">=3.14"

[[package]]
name = "grpcio"
version = "1.82.1"
source = { registry = "https://pypi.org/simple" }
dependencies = [
    { name = "typing-extensions" },
]
sdist = { url = "https://files.pythonhosted.org/packages/90/bc/656b89387d6f4ed7e0686c7b64c2ae7e554a759aa58122c8e5fb99392c32/grpcio-1.82.1.tar.gz", hash = "sha256:707b24abd90fcb1e45bcc080577da1dbf9971d107490589b9539af8e1e77b4b5", size = 13187300, upload-time = "2026-07-08T12:36:16.588Z" }
wheels = [
    { url = "https://files.pythonhosted.org/packages/b4/cb/cf9ae9e164c6e6dc8a494faa9771763df9da150eefe19671009624d1559f/grpcio-1.82.1-cp314-cp314-linux_armv7l.whl", hash = "sha256:35f990f7784c8fd2872644f07f96ebb4d9e48e145a190ab80d0280af91a1bfb2", size = 6146901, upload-time = "2026-07-08T12:35:49.261Z" },
    { url = "https://files.pythonhosted.org/packages/3b/2a/eccf26dbcfb7f7cab8027c5490a16c8937c5aa7a2ec20a3eab2cf7a43165/grpcio-1.82.1-cp314-cp314-macosx_11_0_universal2.whl", hash = "sha256:46536a4a1f4434df3c851b9254ff6fc7df5705b273681a15ca277d5921c178a0", size = 11954756, upload-time = "2026-07-08T12:35:52.196Z" },
    { url = "https://files.pythonhosted.org/packages/ad/75/3b3b4a3cc9f084b026af96e1d3e539b1af29ec7f41ed0dfff3cb99cc8626/grpcio-1.82.1-cp314-cp314-manylinux2014_aarch64.manylinux_2_17_aarch64.whl", hash = "sha256:d6650a7c1ebb7921c70e12a385439a8118efb99e669fa9ed31cf25db1843937c", size = 6723087, upload-time = "2026-07-08T12:35:54.973Z" },
    { url = "https://files.pythonhosted.org/packages/9c/8b/b0f0c9b1400a99a4da4c09b114f101b192f8f11192e76f620b8962f5d90b/grpcio-1.82.1-cp314-cp314-manylinux2014_i686.manylinux_2_17_i686.whl", hash = "sha256:b8e110c66df5204c0506d6c8787b35d48b8b699ef5aa366d6c4d67325c67fe9a", size = 7454542, upload-time = "2026-07-08T12:35:57.586Z" },
    { url = "https://files.pythonhosted.org/packages/b7/bd/428e38868382aa193697a5aa53973f29c58e58ba4268aa0c86a2715ee58b/grpcio-1.82.1-cp314-cp314-manylinux2014_x86_64.manylinux_2_17_x86_64.whl", hash = "sha256:f853eae07235a51a27bb5d6a9a175a59ca55dc9b99edc6ce2f76f07332d333ae", size = 6889588, upload-time = "2026-07-08T12:36:00.012Z" },
    { url = "https://files.pythonhosted.org/packages/49/ce/03e01d5e10259bf5c08ee50570cc94724e79c956f61fd2f09b341af0956c/grpcio-1.82.1-cp314-cp314-musllinux_1_2_aarch64.whl", hash = "sha256:60b0f2c95337694fc094b77d9f60f50566c84b5677393e342eb98daeee242d98", size = 7514166, upload-time = "2026-07-08T12:36:02.693Z" },
    { url = "https://files.pythonhosted.org/packages/ff/59/278b4b600329e2ba3849f3c1ea3c820b3a01b38a7ad184ba09595e8d2733/grpcio-1.82.1-cp314-cp314-musllinux_1_2_i686.whl", hash = "sha256:b064fc444812bdaa9825d33c26f8d732d63ee6a5d78557c1faf92c98687fed27", size = 8536166, upload-time = "2026-07-08T12:36:05.349Z" },
    { url = "https://files.pythonhosted.org/packages/44/27/7ccf2ef00f27a8e47a79d641c8ceaf7d3028c7a03d9a97b4c8a9a783c086/grpcio-1.82.1-cp314-cp314-musllinux_1_2_x86_64.whl", hash = "sha256:7d7ede11d747b4e1bd05e3bc0260e155b65a88735a895a10f6521f19b889511e", size = 7912572, upload-time = "2026-07-08T12:36:08.393Z" },
    { url = "https://files.pythonhosted.org/packages/0d/be/33742482d2753f2d3a1b7641664b6622262d44f2f3b609f13425dd86d36f/grpcio-1.82.1-cp314-cp314-win32.whl", hash = "sha256:3d21f19838dc255ecbb79321b15ae9b98fbddff4c3d4aedb0a81bdd7f4ab572a", size = 4321856, upload-time = "2026-07-08T12:36:10.899Z" },
    { url = "https://files.pythonhosted.org/packages/cc/67/03329c847172c78ddeb1eb9be6b444fdbc12775a84c958b27e427e7b926d/grpcio-1.82.1-cp314-cp314-win_amd64.whl", hash = "sha256:e20f1edbb15f99e3128ec86433f9785fd5a451d8f115e74fe0056134f092a9d5", size = 5141114, upload-time = "2026-07-08T12:36:13.595Z" },
]

[[package]]
name = "grpcio-tools"
version = "1.82.1"
source = { registry = "https://pypi.org/simple" }
dependencies = [
    { name = "grpcio" },
    { name = "protobuf" },
    { name = "setuptools" },
]
sdist = { url = "https://files.pythonhosted.org/packages/4c/ca/af008a0df6f9ec85ae136f763aed207e68097c952a17443d2c2af9d60a91/grpcio_tools-1.82.1.tar.gz", hash = "sha256:2bd3176ccdbf7cd1f463eb75b7b83544c7d6429f5ca8a0f7f784b76097dac891", size = 6399590, upload-time = "2026-07-08T12:38:15.186Z" }
wheels = [
    { url = "https://files.pythonhosted.org/packages/b0/8c/5c2130941fd30d59326fab4c2fe8f8e1c954ebf864c9d2a14d767cc07333/grpcio_tools-1.82.1-cp314-cp314-linux_armv7l.whl", hash = "sha256:e6499e7009c38e23f4c9ffc64efa46d3a1ac0c3b01b256e77b9816f7078eb4db", size = 2652840, upload-time = "2026-07-08T12:37:50.264Z" },
    { url = "https://files.pythonhosted.org/packages/33/37/9447cada0b29e3423c38905fcc552ccdaddecac96e6a4ab2ba330e7508c9/grpcio_tools-1.82.1-cp314-cp314-macosx_11_0_universal2.whl", hash = "sha256:35d79c00a4da740abbbf7fbf1f34151fdca9917885a4a4235d426438a7973aed", size = 5963503, upload-time = "2026-07-08T12:37:53.234Z" },
    { url = "https://files.pythonhosted.org/packages/ce/55/4d4ec2e1064abd14264c3beefba9b46f4c13efad85ad0f1f87eb40ddb2a6/grpcio_tools-1.82.1-cp314-cp314-manylinux2014_aarch64.manylinux_2_17_aarch64.whl", hash = "sha256:ddd9ddbf43d1a4c472874bed2c491a89be9bf36812a56ed8892f609aebd0a844", size = 2705216, upload-time = "2026-07-08T12:37:55.705Z" },
    { url = "https://files.pythonhosted.org/packages/a8/36/ebd5334dccfe8411487c2feac639bdc275ec263bcd3ec5b620d715ce90ea/grpcio_tools-1.82.1-cp314-cp314-manylinux2014_i686.manylinux_2_17_i686.whl", hash = "sha256:4fa16c11e1c9ad3f35f4545445e217a725359ed235db8ff42c3b40b131ec48b2", size = 3033046, upload-time = "2026-07-08T12:37:57.982Z" },
    { url = "https://files.pythonhosted.org/packages/48/06/69255a28fcb9264db954e8ca6a0eefd692f6efc2a9fef1f0920a42267070/grpcio_tools-1.82.1-cp314-cp314-manylinux2014_x86_64.manylinux_2_17_x86_64.whl", hash = "sha256:01c4c5333908b2050a14461f5d71170c948628987322b4526e840159b94ffabe", size = 2773832, upload-time = "2026-07-08T12:38:00.428Z" },
    { url = "https://files.pythonhosted.org/packages/26/d3/d7895783de780071f90c7ffb36e534fa1468ef2c5a039ee8c2d89478b1b0/grpcio_tools-1.82.1-cp314-cp314-musllinux_1_2_aarch64.whl", hash = "sha256:75eff2a53ec1f00968d7e018de35b997134a4381c5b769713664b2625aac4035", size = 3229939, upload-time = "2026-07-08T12:38:03.16Z" },
    { url = "https://files.pythonhosted.org/packages/86/3f/2a74d4c6396e62332c1d244077775b540e1ad15376cc831f66589f2e0fc3/grpcio_tools-1.82.1-cp314-cp314-musllinux_1_2_i686.whl", hash = "sha256:bd0352f3b0341afb911c0b9b177b95811e71476b64004b0d38131a4543d42592", size = 3802594, upload-time = "2026-07-08T12:38:05.51Z" },
    { url = "https://files.pythonhosted.org/packages/3b/69/b559cbea6202bca95cec033c4181413e4417759c90480a10cbc7250d4c63/grpcio_tools-1.82.1-cp314-cp314-musllinux_1_2_x86_64.whl", hash = "sha256:0a838ae62bfd71ea8cdcd28e3a017206572eb185846e18114c82f8e2c9fb98b2", size = 3461304, upload-time = "2026-07-08T12:38:08.059Z" },
    { url = "https://files.pythonhosted.org/packages/33/32/9e4bdb2e6c62b66e70e5e8d4ec7e542caed57976d7a0b2ef65763901d0ca/grpcio_tools-1.82.1-cp314-cp314-win32.whl", hash = "sha256:335393c9f8d3c0fa6c1b3d168002beabc0cd2d6974d409d216b9d9ebe5b33a5a", size = 1045038, upload-time = "2026-07-08T12:38:10.193Z" },
    { url = "https://files.pythonhosted.org/packages/f3/5b/bea2551e5d79f7486bad32163ea6d6655bd1e8d663cb928f100b901f0dd6/grpcio_tools-1.82.1-cp314-cp314-win_amd64.whl", hash = "sha256:15c067844adca93ed4661bdfd9b176618ef6b7fd83fb381f2746bd8a1e9f6d98", size = 1224194, upload-time = "2026-07-08T12:38:12.439Z" },
]

[[package]]
name = "op-notebook-tools"
version = "0.1.0"
source = { virtual = "." }
dependencies = [
    { name = "grpcio" },
    { name = "grpcio-tools" },
    { name = "protobuf" },
]

[package.metadata]
requires-dist = [
    { name = "grpcio", specifier = ">=1.82.1" },
    { name = "grpcio-tools", specifier = ">=1.82.1" },
    { name = "protobuf", specifier = ">=7.35.1" },
]

[[package]]
name = "protobuf"
version = "7.35.1"
source = { registry = "https://pypi.org/simple" }
sdist = { url = "https://files.pythonhosted.org/packages/da/01/9ef0afd7999eb9badb3a768b4aedd78c86d4c65cfaf1958ab276199e76b4/protobuf-7.35.1.tar.gz", hash = "sha256:ce115a26fe0c39a2c29973d914d327e516a6455464489fe3cd1e51a1b354f81a", size = 458717, upload-time = "2026-06-11T21:55:40.257Z" }
wheels = [
    { url = "https://files.pythonhosted.org/packages/10/03/8aeeb7458d22546bf64b5250ca1daeb5ff757d900e8e4a7476c6f0db843e/protobuf-7.35.1-cp310-abi3-macosx_10_9_universal2.whl", hash = "sha256:24f857477359a85c0c235261b8ba905fd51b2562f4a64ca1df5473f29850cbf6", size = 433226, upload-time = "2026-06-11T21:55:31.719Z" },
    { url = "https://files.pythonhosted.org/packages/37/4b/dfb89eb0e652a1ff073c39a59fb5e3a83cfe9b57a2c83fa6d78270101767/protobuf-7.35.1-cp310-abi3-manylinux2014_aarch64.whl", hash = "sha256:11d6b0ec246892d85215b0a13ca6e0233cf5284b68f0ac02646427f4ff88a799", size = 328847, upload-time = "2026-06-11T21:55:34.035Z" },
    { url = "https://files.pythonhosted.org/packages/0f/58/dc12f2cd484951524af6e3382c785869b9b3fb5e52ee95ae23add53ee8f9/protobuf-7.35.1-cp310-abi3-manylinux2014_s390x.whl", hash = "sha256:b73f9489a4b8b1c9cb1f8ed951c736392592edb24b9d6819f36d2e10b171d5b4", size = 344030, upload-time = "2026-06-11T21:55:34.941Z" },
    { url = "https://files.pythonhosted.org/packages/e4/be/5b3cfe508bfab6761414ff944e3366eb13be4fd71efcd69450f89ba39f43/protobuf-7.35.1-cp310-abi3-manylinux2014_x86_64.whl", hash = "sha256:74758715c53d7158fb76caf4f0cfdacc5329a4b1bb994f865d6cf302d413a1c4", size = 327130, upload-time = "2026-06-11T21:55:35.921Z" },
    { url = "https://files.pythonhosted.org/packages/d8/bc/6d6c7ba8709c85f8f2c390b2b118d6fb08a783676a572271851bf45a7d22/protobuf-7.35.1-cp310-abi3-win32.whl", hash = "sha256:353652e4efd0bca5b5fc2656abf8307ef351f0cf938c9eba09f0e09c20a25c30", size = 428945, upload-time = "2026-06-11T21:55:37.034Z" },
    { url = "https://files.pythonhosted.org/packages/0a/19/8d0cb6f20a1ef7b18f1c8986ad5783f22f84cce39c6ce9a6e645ea55192e/protobuf-7.35.1-cp310-abi3-win_amd64.whl", hash = "sha256:230a75ddfc2de4806e56696ce9640c1cdfdb6543b7cfce98d42a4c0a0e7bdb87", size = 439996, upload-time = "2026-06-11T21:55:38.123Z" },
    { url = "https://files.pythonhosted.org/packages/19/c7/5f7c636ec43e0c545e28d1f1db71990108306f7bdcb89f069ba97e428e7f/protobuf-7.35.1-py3-none-any.whl", hash = "sha256:4bc97768d8fe4ad6743c8a19403e314511ed9f6d13205b687e52421c023ac1b9", size = 171659, upload-time = "2026-06-11T21:55:39.155Z" },
]

[[package]]
name = "setuptools"
version = "83.0.0"
source = { registry = "https://pypi.org/simple" }
sdist = { url = "https://files.pythonhosted.org/packages/34/26/f5d29e25ffdb535afef2d35cdb55b325298f96debd670da4c325e08d70f4/setuptools-83.0.0.tar.gz", hash = "sha256:025bccbbf0fa05b6192bc64ae1e7b16e001fd6d6d4d5de03c97b1c1ade523bef", size = 1154254, upload-time = "2026-07-04T15:31:22.699Z" }
wheels = [
    { url = "https://files.pythonhosted.org/packages/5d/40/e1e72872c6354b306daef1703549e8e83b4d43cfea356311bf722a043752/setuptools-83.0.0-py3-none-any.whl", hash = "sha256:29b23c360f22f414dc7336bb39178cc7bcbf6021ed2733cde173f09dba19abb3", size = 1008090, upload-time = "2026-07-04T15:31:20.885Z" },
]

[[package]]
name = "typing-extensions"
version = "4.16.0"
source = { registry = "https://pypi.org/simple" }
sdist = { url = "https://files.pythonhosted.org/packages/f6/cc/6253133b5bb138fc3306cebfbda2c520f545d36b5be2c7255cc528bb45d6/typing_extensions-4.16.0.tar.gz", hash = "sha256:dc983d19a509c94dba722ee6abd33940f7c05a89e243c47e907eb4db6f1a43e5", size = 113555, upload-time = "2026-07-02T08:40:05.92Z" }
wheels = [
    { url = "https://files.pythonhosted.org/packages/49/d3/b8441a820a491ddfc024b0b0cf0393375b75ea13866d9c66727e54c2fc80/typing_extensions-4.16.0-py3-none-any.whl", hash = "sha256:481caa481374e813c1b176ada14e97f1f67a4539ce9cfeb3f350d78d6370c2e8", size = 45571, upload-time = "2026-07-02T08:40:04.659Z" },
]
